// !$*UTF8*$!
{
	archiveVersion = 1;
	classes = {
	};
	objectVersion = 50;
	objects = {

/* Begin PBXBuildFile section */
		8D96D35D25A4B0B900B9FE60 /* AppDelegate.swift in Sources */ = {isa = PBXBuildFile; fileRef = 8D96D35C25A4B0B900B9FE60 /* AppDelegate.swift */; };
		8D96D35F25A4B0B900B9FE60 /* SceneDelegate.swift in Sources */ = {isa = PBXBuildFile; fileRef = 8D96D35E25A4B0B900B9FE60 /* SceneDelegate.swift */; };
		8D96D36125A4B0B900B9FE60 /* ViewController.swift in Sources */ = {isa = PBXBuildFile; fileRef = 8D96D36025A4B0B900B9FE60 /* ViewController.swift */; };
		8D96D36425A4B0B900B9FE60 /* Main.storyboard in Resources */ = {isa = PBXBuildFile; fileRef = 8D96D36225A4B0B900B9FE60 /* Main.storyboard */; };
		8D96D36625A4B0BE00B9FE60 /* Assets.xcassets in Resources */ = {isa = PBXBuildFile; fileRef = 8D96D36525A4B0BE00B9FE60 /* Assets.xcassets */; };
		8D96D36925A4B0BE00B9FE60 /* LaunchScreen.storyboard in Resources */ = {isa = PBXBuildFile; fileRef = 8D96D36725A4B0BE00B9FE60 /* LaunchScreen.storyboard */; };
		8D96D37425A4B0BF00B9FE60 /* Tic_Tac_ToeTests.swift in Sources */ = {isa = PBXBuildFile; fileRef = 8D96D37325A4B0BF00B9FE60 /* Tic_Tac_ToeTests.swift */; };
		8D96D37F25A4B0BF00B9FE60 /* Tic_Tac_ToeUITests.swift in Sources */ = {isa = PBXBuildFile; fileRef = 8D96D37E25A4B0BF00B9FE60 /* Tic_Tac_ToeUITests.swift */; };
		8D96D38D25A4B33200B9FE60 /* storyborad.png in Resources */ = {isa = PBXBuildFile; fileRef = 8D96D38C25A4B33200B9FE60 /* storyborad.png */; };
/* End PBXBuildFile section */

/* Begin PBXContainerItemProxy section */
		8D96D37025A4B0BF00B9FE60 /* PBXContainerItemProxy */ = {
			isa = PBXContainerItemProxy;
			containerPortal = 8D96D35125A4B0B900B9FE60 /* Project object */;
			proxyType = 1;
			remoteGlobalIDString = 8D96D35825A4B0B900B9FE60;
			remoteInfo = "Tic Tac Toe";
		};
		8D96D37B25A4B0BF00B9FE60 /* PBXContainerItemProxy */ = {
			isa = PBXContainerItemProxy;
			containerPortal = 8D96D35125A4B0B900B9FE60 /* Project object */;
			proxyType = 1;
			remoteGlobalIDString = 8D96D35825A4B0B900B9FE60;
			remoteInfo = "Tic Tac Toe";
		};
/* End PBXContainerItemProxy section */

/* Begin PBXFileReference section */
		8D96D35925A4B0B900B9FE60 /* Tic Tac Toe.app */ = {isa = PBXFileReference; explicitFileType = wrapper.application; includeInIndex = 0; path = "Tic Tac Toe.app"; sourceTree = BUILT_PRODUCTS_DIR; };
		8D96D35C25A4B0B900B9FE60 /* AppDelegate.swift */ = {isa = PBXFileReference; lastKnownFileType = sourcecode.swift; path = AppDelegate.swift; sourceTree = "<group>"; };
		8D96D35E25A4B0B900B9FE60 /* SceneDelegate.swift */ = {isa = PBXFileReference; lastKnownFileType = sourcecode.swift; path = SceneDelegate.swift; sourceTree = "<group>"; };
		8D96D36025A4B0B900B9FE60 /* ViewController.swift */ = {isa = PBXFileReference; lastKnownFileType = sourcecode.swift; path = ViewController.swift; sourceTree = "<group>"; };
		8D96D36325A4B0B900B9FE60 /* Base */ = {isa = PBXFileReference; lastKnownFileType = file.storyboard; name = Base; path = Base.lproj/Main.storyboard; sourceTree = "<group>"; };
		8D96D36525A4B0BE00B9FE60 /* Assets.xcassets */ = {isa = PBXFileReference; lastKnownFileType = folder.assetcatalog; path = Assets.xcassets; sourceTree = "<group>"; };
		8D96D36825A4B0BE00B9FE60 /* Base */ = {isa = PBXFileReference; lastKnownFileType = file.storyboard; name = Base; path = Base.lproj/LaunchScreen.storyboard; sourceTree = "<group>"; };
		8D96D36A25A4B0BE00B9FE60 /* Info.plist */ = {isa = PBXFileReference; lastKnownFileType = text.plist.xml; path = Info.plist; sourceTree = "<group>"; };
		8D96D36F25A4B0BF00B9FE60 /* Tic Tac ToeTests.xctest */ = {isa = PBXFileReference; explicitFileType = wrapper.cfbundle; includeInIndex = 0; path = "Tic Tac ToeTests.xctest"; sourceTree = BUILT_PRODUCTS_DIR; };
		8D96D37325A4B0BF00B9FE60 /* Tic_Tac_ToeTests.swift */ = {isa = PBXFileReference; lastKnownFileType = sourcecode.swift; path = Tic_Tac_ToeTests.swift; sourceTree = "<group>"; };
		8D96D37525A4B0BF00B9FE60 /* Info.plist */ = {isa = PBXFileReference; lastKnownFileType = text.plist.xml; path = Info.plist; sourceTree = "<group>"; };
		8D96D37A25A4B0BF00B9FE60 /* Tic Tac ToeUITests.xctest */ = {isa = PBXFileReference; explicitFileType = wrapper.cfbundle; includeInIndex = 0; path = "Tic Tac ToeUITests.xctest"; sourceTree = BUILT_PRODUCTS_DIR; };
		8D96D37E25A4B0BF00B9FE60 /* Tic_Tac_ToeUITests.swift */ = {isa = PBXFileReference; lastKnownFileType = sourcecode.swift; path = Tic_Tac_ToeUITests.swift; sourceTree = "<group>"; };
		8D96D38025A4B0BF00B9FE60 /* Info.plist */ = {isa = PBXFileReference; lastKnownFileType = text.plist.xml; path = Info.plist; sourceTree = "<group>"; };
		8D96D38C25A4B33200B9FE60 /* storyborad.png */ = {isa = PBXFileReference; lastKnownFileType = image.png; path = storyborad.png; sourceTree = "<group>"; };
/* End PBXFileReference section */

/* Begin PBXFrameworksBuildPhase section */
		8D96D35625A4B0B900B9FE60 /* Frameworks */ = {
			isa = PBXFrameworksBuildPhase;
			buildActionMask = 2147483647;
			files = (
			);
			runOnlyForDeploymentPostprocessing = 0;
		};
		8D96D36C25A4B0BF00B9FE60 /* Frameworks */ = {
			isa = PBXFrameworksBuildPhase;
			buildActionMask = 2147483647;
			files = (
			);
			runOnlyForDeploymentPostprocessing = 0;
		};
		8D96D37725A4B0BF00B9FE60 /* Frameworks */ = {
			isa = PBXFrameworksBuildPhase;
			buildActionMask = 2147483647;
			files = (
			);
			runOnlyForDeploymentPostprocessing = 0;
		};
/* End PBXFrameworksBuildPhase section */

/* Begin PBXGroup section */
		8D96D35025A4B0B900B9FE60 = {
			isa = PBXGroup;
			children = (
				8D96D35B25A4B0B900B9FE60 /* Tic Tac Toe */,
				8D96D37225A4B0BF00B9FE60 /* Tic Tac ToeTests */,
				8D96D37D25A4B0BF00B9FE60 /* Tic Tac ToeUITests */,
				8D96D35A25A4B0B900B9FE60 /* Products */,
			);
			sourceTree = "<group>";
		};
		8D96D35A25A4B0B900B9FE60 /* Products */ = {
			isa = PBXGroup;
			children = (
				8D96D35925A4B0B900B9FE60 /* Tic Tac Toe.app */,
				8D96D36F25A4B0BF00B9FE60 /* Tic Tac ToeTests.xctest */,
				8D96D37A25A4B0BF00B9FE60 /* Tic Tac ToeUITests.xctest */,
			);
			name = Products;
			sourceTree = "<group>";
		};
		8D96D35B25A4B0B900B9FE60 /* Tic Tac Toe */ = {
			isa = PBXGroup;
			children = (
				8D96D35C25A4B0B900B9FE60 /* AppDelegate.swift */,
				8D96D35E25A4B0B900B9FE60 /* SceneDelegate.swift */,
				8D96D36025A4B0B900B9FE60 /* ViewController.swift */,
				8D96D36225A4B0B900B9FE60 /* Main.storyboard */,
				8D96D38C25A4B33200B9FE60 /* storyborad.png */,
				8D96D36525A4B0BE00B9FE60 /* Assets.xcassets */,
				8D96D36725A4B0BE00B9FE60 /* LaunchScreen.storyboard */,
				8D96D36A25A4B0BE00B9FE60 /* Info.plist */,
			);
			path = "Tic Tac Toe";
			sourceTree = "<group>";
		};
		8D96D37225A4B0BF00B9FE60 /* Tic Tac ToeTests */ = {
			isa = PBXGroup;
			children = (
				8D96D37325A4B0BF00B9FE60 /* Tic_Tac_ToeTests.swift */,
				8D96D37525A4B0BF00B9FE60 /* Info.plist */,
			);
			path = "Tic Tac ToeTests";
			sourceTree = "<group>";
		};
		8D96D37D25A4B0BF00B9FE60 /* Tic Tac ToeUITests */ = {
			isa = PBXGroup;
			children = (
				8D96D37E25A4B0BF00B9FE60 /* Tic_Tac_ToeUITests.swift */,
				8D96D38025A4B0BF00B9FE60 /* Info.plist */,
			);
			path = "Tic Tac ToeUITests";
			sourceTree = "<group>";
		};
/* End PBXGroup section */

/* Begin PBXNativeTarget section */
		8D96D35825A4B0B900B9FE60 /* Tic Tac Toe */ = {
			isa = PBXNativeTarget;
			buildConfigurationList = 8D96D38325A4B0BF00B9FE60 /* Build configuration list for PBXNativeTarget "Tic Tac Toe" */;
			buildPhases = (
				8D96D35525A4B0B900B9FE60 /* Sources */,
				8D96D35625A4B0B900B9FE60 /* Frameworks */,
				8D96D35725A4B0B900B9FE60 /* Resources */,
			);
			buildRules = (
			);
			dependencies = (
			);
			name = "Tic Tac Toe";
			productName = "Tic Tac Toe";
			productReference = 8D96D35925A4B0B900B9FE60 /* Tic Tac Toe.app */;
			productType = "com.apple.product-type.application";
		};
		8D96D36E25A4B0BF00B9FE60 /* Tic Tac ToeTests */ = {
			isa = PBXNativeTarget;
			buildConfigurationList = 8D96D38625A4B0BF00B9FE60 /* Build configuration list for PBXNativeTarget "Tic Tac ToeTests" */;
			buildPhases = (
				8D96D36B25A4B0BF00B9FE60 /* Sources */,
				8D96D36C25A4B0BF00B9FE60 /* Frameworks */,
				8D96D36D25A4B0BF00B9FE60 /* Resources */,
			);
			buildRules = (
			);
			dependencies = (
				8D96D37125A4B0BF00B9FE60 /* PBXTargetDependency */,
			);
			name = "Tic Tac ToeTests";
			productName = "Tic Tac ToeTests";
			productReference = 8D96D36F25A4B0BF00B9FE60 /* Tic Tac ToeTests.xctest */;
			productType = "com.apple.product-type.bundle.unit-test";
		};
		8D96D37925A4B0BF00B9FE60 /* Tic Tac ToeUITests */ = {
			isa = PBXNativeTarget;
			buildConfigurationList = 8D96D38925A4B0BF00B9FE60 /* Build configuration list for PBXNativeTarget "Tic Tac ToeUITests" */;
			buildPhases = (
				8D96D37625A4B0BF00B9FE60 /* Sources */,
				8D96D37725A4B0BF00B9FE60 /* Frameworks */,
				8D96D37825A4B0BF00B9FE60 /* Resources */,
			);
			buildRules = (
			);
			dependencies = (
				8D96D37C25A4B0BF00B9FE60 /* PBXTargetDependency */,
			);
			name = "Tic Tac ToeUITests";
			productName = "Tic Tac ToeUITests";
			productReference = 8D96D37A25A4B0BF00B9FE60 /* Tic Tac ToeUITests.xctest */;
			productType = "com.apple.product-type.bundle.ui-testing";
		};
/* End PBXNativeTarget section */

/* Begin PBXProject section */
		8D96D35125A4B0B900B9FE60 /* Project object */ = {
			isa = PBXProject;
			attributes = {
				LastSwiftUpdateCheck = 1170;
				LastUpgradeCheck = 1170;
				ORGANIZATIONNAME = "Wedieu Cole";
				TargetAttributes = {
					8D96D35825A4B0B900B9FE60 = {
						CreatedOnToolsVersion = 11.7;
					};
					8D96D36E25A4B0BF00B9FE60 = {
						CreatedOnToolsVersion = 11.7;
						TestTargetID = 8D96D35825A4B0B900B9FE60;
					};
					8D96D37925A4B0BF00B9FE60 = {
						CreatedOnToolsVersion = 11.7;
						TestTargetID = 8D96D35825A4B0B900B9FE60;
					};
				};
			};
			buildConfigurationList = 8D96D35425A4B0B900B9FE60 /* Build configuration list for PBXProject "Tic Tac Toe" */;
			compatibilityVersion = "Xcode 9.3";
			developmentRegion = en;
			hasScannedForEncodings = 0;
			knownRegions = (
				en,
				Base,
			);
			mainGroup = 8D96D35025A4B0B900B9FE60;
			productRefGroup = 8D96D35A25A4B0B900B9FE60 /* Products */;
			projectDirPath = "";
			projectRoot = "";
			targets = (
				8D96D35825A4B0B900B9FE60 /* Tic Tac Toe */,
				8D96D36E25A4B0BF00B9FE60 /* Tic Tac ToeTests */,
				8D96D37925A4B0BF00B9FE60 /* Tic Tac ToeUITests */,
			);
		};
/* End PBXProject section */

/* Begin PBXResourcesBuildPhase section */
		8D96D35725A4B0B900B9FE60 /* Resources */ = {
			isa = PBXResourcesBuildPhase;
			buildActionMask = 2147483647;
			files = (
				8D96D36925A4B0BE00B9FE60 /* LaunchScreen.storyboard in Resources */,
				8D96D36625A4B0BE00B9FE60 /* Assets.xcassets in Resources */,
				8D96D38D25A4B33200B9FE60 /* storyborad.png in Resources */,
				8D96D36425A4B0B900B9FE60 /* Main.storyboard in Resources */,
			);
			runOnlyForDeploymentPostprocessing = 0;
		};
		8D96D36D25A4B0BF00B9FE60 /* Resources */ = {
			isa = PBXResourcesBuildPhase;
			buildActionMask = 2147483647;
			files = (
			);
			runOnlyForDeploymentPostprocessing = 0;
		};
		8D96D37825A4B0BF00B9FE60 /* Resources */ = {
			isa = PBXResourcesBuildPhase;
			buildActionMask = 2147483647;
			files = (
			);
			runOnlyForDeploymentPostprocessing = 0;
		};
/* End PBXResourcesBuildPhase section */

/* Begin PBXSourcesBuildPhase section */
		8D96D35525A4B0B900B9FE60 /* Sources */ = {
			isa = PBXSourcesBuildPhase;
			buildActionMask = 2147483647;
			files = (
				8D96D36125A4B0B900B9FE60 /* ViewController.swift in Sources */,
				8D96D35D25A4B0B900B9FE60 /* AppDelegate.swift in Sources */,
				8D96D35F25A4B0B900B9FE60 /* SceneDelegate.swift in Sources */,
			);
			runOnlyForDeploymentPostprocessing = 0;
		};
		8D96D36B25A4B0BF00B9FE60 /* Sources */ = {
			isa = PBXSourcesBuildPhase;
			buildActionMask = 2147483647;
			files = (
				8D96D37425A4B0BF00B9FE60 /* Tic_Tac_ToeTests.swift in Sources */,
			);
			runOnlyForDeploymentPostprocessing = 0;
		};
		8D96D37625A4B0BF00B9FE60 /* Sources */ = {
			isa = PBXSourcesBuildPhase;
			buildActionMask = 2147483647;
			files = (
				8D96D37F25A4B0BF00B9FE60 /* Tic_Tac_ToeUITests.swift in Sources */,
			);
			runOnlyForDeploymentPostprocessing = 0;
		};
/* End PBXSourcesBuildPhase section */

/* Begin PBXTargetDependency section */
		8D96D37125A4B0BF00B9FE60 /* PBXTargetDependency */ = {
			isa = PBXTargetDependency;
			target = 8D96D35825A4B0B900B9FE60 /* Tic Tac Toe */;
			targetProxy = 8D96D37025A4B0BF00B9FE60 /* PBXContainerItemProxy */;
		};
		8D96D37C25A4B0BF00B9FE60 /* PBXTargetDependency */ = {
			isa = PBXTargetDependency;
			target = 8D96D35825A4B0B900B9FE60 /* Tic Tac Toe */;
			targetProxy = 8D96D37B25A4B0BF00B9FE60 /* PBXContainerItemProxy */;
		};
/* End PBXTargetDependency section */

/* Begin PBXVariantGroup section */
		8D96D36225A4B0B900B9FE60 /* Main.storyboard */ = {
			isa = PBXVariantGroup;
			children = (
				8D96D36325A4B0B900B9FE60 /* Base */,
			);
			name = Main.storyboard;
			sourceTree = "<group>";
		};
		8D96D36725A4B0BE00B9FE60 /* LaunchScreen.storyboard */ = {
			isa = PBXVariantGroup;
			children = (
				8D96D36825A4B0BE00B9FE60 /* Base */,
			);
			name = LaunchScreen.storyboard;
			sourceTree = "<group>";
		};
/* End PBXVariantGroup section */

/* Begin XCBuildConfiguration section */
		8D96D38125A4B0BF00B9FE60 /* Debug */ = {
			isa = XCBuildConfiguration;
			buildSettings = {
				ALWAYS_SEARCH_USER_PATHS = NO;
				CLANG_ANALYZER_NONNULL = YES;
				CLANG_ANALYZER_NUMBER_OBJECT_CONVERSION = YES_AGGRESSIVE;
				CLANG_CXX_LANGUAGE_STANDARD = "gnu++14";
				CLANG_CXX_LIBRARY = "libc++";
				CLANG_ENABLE_MODULES = YES;
				CLANG_ENABLE_OBJC_ARC = YES;
				CLANG_ENABLE_OBJC_WEAK = YES;
				CLANG_WARN_BLOCK_CAPTURE_AUTORELEASING = YES;
				CLANG_WARN_BOOL_CONVERSION = YES;
				CLANG_WARN_COMMA = YES;
				CLANG_WARN_CONSTANT_CONVERSION = YES;
				CLANG_WARN_DEPRECATED_OBJC_IMPLEMENTATIONS = YES;
				CLANG_WARN_DIRECT_OBJC_ISA_USAGE = YES_ERROR;
				CLANG_WARN_DOCUMENTATION_COMMENTS = YES;
				CLANG_WARN_EMPTY_BODY = YES;
				CLANG_WARN_ENUM_CONVERSION = YES;
				CLANG_WARN_INFINITE_RECURSION = YES;
				CLANG_WARN_INT_CONVERSION = YES;
				CLANG_WARN_NON_LITERAL_NULL_CONVERSION = YES;
				CLANG_WARN_OBJC_IMPLICIT_RETAIN_SELF = YES;
				CLANG_WARN_OBJC_LITERAL_CONVERSION = YES;
				CLANG_WARN_OBJC_ROOT_CLASS = YES_ERROR;
				CLANG_WARN_RANGE_LOOP_ANALYSIS = YES;
				CLANG_WARN_STRICT_PROTOTYPES = YES;
				CLANG_WARN_SUSPICIOUS_MOVE = YES;
				CLANG_WARN_UNGUARDED_AVAILABILITY = YES_AGGRESSIVE;
				CLANG_WARN_UNREACHABLE_CODE = YES;
				CLANG_WARN__DUPLICATE_METHOD_MATCH = YES;
				COPY_PHASE_STRIP = NO;
				DEBUG_INFORMATION_FORMAT = dwarf;
				ENABLE_STRICT_OBJC_MSGSEND = YES;
				ENABLE_TESTABILITY = YES;
				GCC_C_LANGUAGE_STANDARD = gnu11;
				GCC_DYNAMIC_NO_PIC = NO;
				GCC_NO_COMMON_BLOCKS = YES;
				GCC_OPTIMIZATION_LEVEL = 0;
				GCC_PREPROCESSOR_DEFINITIONS = (
					"DEBUG=1",
					"$(inherited)",
				);
				GCC_WARN_64_TO_32_BIT_CONVERSION = YES;
				GCC_WARN_ABOUT_RETURN_TYPE = YES_ERROR;
				GCC_WARN_UNDECLARED_SELECTOR = YES;
				GCC_WARN_UNINITIALIZED_AUTOS = YES_AGGRESSIVE;
				GCC_WARN_UNUSED_FUNCTION = YES;
				GCC_WARN_UNUSED_VARIABLE = YES;
				IPHONEOS_DEPLOYMENT_TARGET = 13.7;
				MTL_ENABLE_DEBUG_INFO = INCLUDE_SOURCE;
				MTL_FAST_MATH = YES;
				ONLY_ACTIVE_ARCH = YES;
				SDKROOT = iphoneos;
				SWIFT_ACTIVE_COMPILATION_CONDITIONS = DEBUG;
				SWIFT_OPTIMIZATION_LEVEL = "-Onone";
			};
			name = Debug;
		};
		8D96D38225A4B0BF00B9FE60 /* Release */ = {
			isa = XCBuildConfiguration;
			buildSettings = {
				ALWAYS_SEARCH_USER_PATHS = NO;
				CLANG_ANALYZER_NONNULL = YES;
				CLANG_ANALYZER_NUMBER_OBJECT_CONVERSION = YES_AGGRESSIVE;
				CLANG_CXX_LANGUAGE_STANDARD = "gnu++14";
				CLANG_CXX_LIBRARY = "libc++";
				CLANG_ENABLE_MODULES = YES;
				CLANG_ENABLE_OBJC_ARC = YES;
				CLANG_ENABLE_OBJC_WEAK = YES;
				CLANG_WARN_BLOCK_CAPTURE_AUTORELEASING = YES;
				CLANG_WARN_BOOL_CONVERSION = YES;
				CLANG_WARN_COMMA = YES;
				CLANG_WARN_CONSTANT_CONVERSION = YES;
				CLANG_WARN_DEPRECATED_OBJC_IMPLEMENTATIONS = YES;
				CLANG_WARN_DIRECT_OBJC_ISA_USAGE = YES_ERROR;
				CLANG_WARN_DOCUMENTATION_COMMENTS = YES;
				CLANG_WARN_EMPTY_BODY = YES;
				CLANG_WARN_ENUM_CONVERSION = YES;
				CLANG_WARN_INFINITE_RECURSION = YES;
				CLANG_WARN_INT_CONVERSION = YES;
				CLANG_WARN_NON_LITERAL_NULL_CONVERSION = YES;
				CLANG_WARN_OBJC_IMPLICIT_RETAIN_SELF = YES;
				CLANG_WARN_OBJC_LITERAL_CONVERSION = YES;
				CLANG_WARN_OBJC_ROOT_CLASS = YES_ERROR;
				CLANG_WARN_RANGE_LOOP_ANALYSIS = YES;
				CLANG_WARN_STRICT_PROTOTYPES = YES;
				CLANG_WARN_SUSPICIOUS_MOVE = YES;
				CLANG_WARN_UNGUARDED_AVAILABILITY = YES_AGGRESSIVE;
				CLANG_WARN_UNREACHABLE_CODE = YES;
				CLANG_WARN__DUPLICATE_METHOD_MATCH = YES;
				COPY_PHASE_STRIP = NO;
				DEBUG_INFORMATION_FORMAT = "dwarf-with-dsym";
				ENABLE_NS_ASSERTIONS = NO;
				ENABLE_STRICT_OBJC_MSGSEND = YES;
				GCC_C_LANGUAGE_STANDARD = gnu11;
				GCC_NO_COMMON_BLOCKS = YES;
				GCC_WARN_64_TO_32_BIT_CONVERSION = YES;
				GCC_WARN_ABOUT_RETURN_TYPE = YES_ERROR;
				GCC_WARN_UNDECLARED_SELECTOR = YES;
				GCC_WARN_UNINITIALIZED_AUTOS = YES_AGGRESSIVE;
				GCC_WARN_UNUSED_FUNCTION = YES;
				GCC_WARN_UNUSED_VARIABLE = YES;
				IPHONEOS_DEPLOYMENT_TARGET = 13.7;
				MTL_ENABLE_DEBUG_INFO = NO;
				MTL_FAST_MATH = YES;
				SDKROOT = iphoneos;
				SWIFT_COMPILATION_MODE = wholemodule;
				SWIFT_OPTIMIZATION_LEVEL = "-O";
				VALIDATE_PRODUCT = YES;
			};
			name = Release;
		};
		8D96D38425A4B0BF00B9FE60 /* Debug */ = {
			isa = XCBuildConfiguration;
			buildSettings = {
				ASSETCATALOG_COMPILER_APPICON_NAME = AppIcon;
				CODE_SIGN_STYLE = Automatic;
				INFOPLIST_FILE = "Tic Tac Toe/Info.plist";
				LD_RUNPATH_SEARCH_PATHS = (
					"$(inherited)",
					"@executable_path/Frameworks",
				);
				PRODUCT_BUNDLE_IDENTIFIER = "x.Tic-Tac-Toe";
				PRODUCT_NAME = "$(TARGET_NAME)";
				SWIFT_VERSION = 5.0;
				TARGETED_DEVICE_FAMILY = "1,2";
			};
			name = Debug;
		};
		8D96D38525A4B0BF00B9FE60 /* Release */ = {
			isa = XCBuildConfiguration;
			buildSettings = {
				ASSETCATALOG_COMPILER_APPICON_NAME = AppIcon;
				CODE_SIGN_STYLE = Automatic;
				INFOPLIST_FILE = "Tic Tac Toe/Info.plist";
				LD_RUNPATH_SEARCH_PATHS = (
					"$(inherited)",
					"@executable_path/Frameworks",
				);
				PRODUCT_BUNDLE_IDENTIFIER = "x.Tic-Tac-Toe";
				PRODUCT_NAME = "$(TARGET_NAME)";
				SWIFT_VERSION = 5.0;
				TARGETED_DEVICE_FAMILY = "1,2";
			};
			name = Release;
		};
		8D96D38725A4B0BF00B9FE60 /* Debug */ = {
			isa = XCBuildConfiguration;
			buildSettings = {
				ALWAYS_EMBED_SWIFT_STANDARD_LIBRARIES = YES;
				BUNDLE_LOADER = "$(TEST_HOST)";
				CODE_SIGN_STYLE = Automatic;
				INFOPLIST_FILE = "Tic Tac ToeTests/Info.plist";
				IPHONEOS_DEPLOYMENT_TARGET = 13.7;
				LD_RUNPATH_SEARCH_PATHS = (
					"$(inherited)",
					"@executable_path/Frameworks",
					"@loader_path/Frameworks",
				);
				PRODUCT_BUNDLE_IDENTIFIER = "x.Tic-Tac-ToeTests";
				PRODUCT_NAME = "$(TARGET_NAME)";
				SWIFT_VERSION = 5.0;
				TARGETED_DEVICE_FAMILY = "1,2";
				TEST_HOST = "$(BUILT_PRODUCTS_DIR)/Tic Tac Toe.app/Tic Tac Toe";
			};
			name = Debug;
		};
		8D96D38825A4B0BF00B9FE60 /* Release */ = {
			isa = XCBuildConfiguration;
			buildSettings = {
				ALWAYS_EMBED_SWIFT_STANDARD_LIBRARIES = YES;
				BUNDLE_LOADER = "$(TEST_HOST)";
				CODE_SIGN_STYLE = Automatic;
				INFOPLIST_FILE = "Tic Tac ToeTests/Info.plist";
				IPHONEOS_DEPLOYMENT_TARGET = 13.7;
				LD_RUNPATH_SEARCH_PATHS = (
					"$(inherited)",
					"@executable_path/Frameworks",
					"@loader_path/Frameworks",
				);
				PRODUCT_BUNDLE_IDENTIFIER = "x.Tic-Tac-ToeTests";
				PRODUCT_NAME = "$(TARGET_NAME)";
				SWIFT_VERSION = 5.0;
				TARGETED_DEVICE_FAMILY = "1,2";
				TEST_HOST = "$(BUILT_PRODUCTS_DIR)/Tic Tac Toe.app/Tic Tac Toe";
			};
			name = Release;
		};
		8D96D38A25A4B0BF00B9FE60 /* Debug */ = {
			isa = XCBuildConfiguration;
			buildSettings = {
				ALWAYS_EMBED_SWIFT_STANDARD_LIBRARIES = YES;
				CODE_SIGN_STYLE = Automatic;
				INFOPLIST_FILE = "Tic Tac ToeUITests/Info.plist";
				LD_RUNPATH_SEARCH_PATHS = (
					"$(inherited)",
					"@executable_path/Frameworks",
					"@loader_path/Frameworks",
				);
				PRODUCT_BUNDLE_IDENTIFIER = "x.Tic-Tac-ToeUITests";
				PRODUCT_NAME = "$(TARGET_NAME)";
				SWIFT_VERSION = 5.0;
				TARGETED_DEVICE_FAMILY = "1,2";
				TEST_TARGET_NAME = "Tic Tac Toe";
			};
			name = Debug;
		};
		8D96D38B25A4B0BF00B9FE60 /* Release */ = {
			isa = XCBuildConfiguration;
			buildSettings = {
				ALWAYS_EMBED_SWIFT_STANDARD_LIBRARIES = YES;
				CODE_SIGN_STYLE = Automatic;
				INFOPLIST_FILE = "Tic Tac ToeUITests/Info.plist";
				LD_RUNPATH_SEARCH_PATHS = (
					"$(inherited)",
					"@executable_path/Frameworks",
					"@loader_path/Frameworks",
				);
				PRODUCT_BUNDLE_IDENTIFIER = "x.Tic-Tac-ToeUITests";
				PRODUCT_NAME = "$(TARGET_NAME)";
				SWIFT_VERSION = 5.0;
				TARGETED_DEVICE_FAMILY = "1,2";
				TEST_TARGET_NAME = "Tic Tac Toe";
			};
			name = Release;
		};
/* End XCBuildConfiguration section */

/* Begin XCConfigurationList section */
		8D96D35425A4B0B900B9FE60 /* Build configuration list for PBXProject "Tic Tac Toe" */ = {
			isa = XCConfigurationList;
			buildConfigurations = (
				8D96D38125A4B0BF00B9FE60 /* Debug */,
				8D96D38225A4B0BF00B9FE60 /* Release */,
			);
			defaultConfigurationIsVisible = 0;
			defaultConfigurationName = Release;
		};
		8D96D38325A4B0BF00B9FE60 /* Build configuration list for PBXNativeTarget "Tic Tac Toe" */ = {
			isa = XCConfigurationList;
			buildConfigurations = (
				8D96D38425A4B0BF00B9FE60 /* Debug */,
				8D96D38525A4B0BF00B9FE60 /* Release */,
			);
			defaultConfigurationIsVisible = 0;
			defaultConfigurationName = Release;
		};
		8D96D38625A4B0BF00B9FE60 /* Build configuration list for PBXNativeTarget "Tic Tac ToeTests" */ = {
			isa = XCConfigurationList;
			buildConfigurations = (
				8D96D38725A4B0BF00B9FE60 /* Debug */,
				8D96D38825A4B0BF00B9FE60 /* Release */,
			);
			defaultConfigurationIsVisible = 0;
			defaultConfigurationName = Release;
		};
		8D96D38925A4B0BF00B9FE60 /* Build configuration list for PBXNativeTarget "Tic Tac ToeUITests" */ = {
			isa = XCConfigurationList;
			buildConfigurations = (
				8D96D38A25A4B0BF00B9FE60 /* Debug */,
				8D96D38B25A4B0BF00B9FE60 /* Release */,
			);
			defaultConfigurationIsVisible = 0;
			defaultConfigurationName = Release;
		};
/* End XCConfigurationList section */
	};
	rootObject = 8D96D35125A4B0B900B9FE60 /* Project object */;
}
